
Microsoft Visual Studio Solution File, Format Version 12.00
# Visual Studio Version 17
VisualStudioVersion = 17.4.33205.214
MinimumVisualStudioVersion = 10.0.40219.1
Project("{FAE04EC0-301F-11D3-BF4B-00C04F79EFBC}") = "Weather 2.0", "Weather 2.0\Weather 2.0.csproj", "{24C1ED23-3443-4460-B576-4FBDF7907A9D}"
EndProject
Global
	GlobalSection(SolutionConfigurationPlatforms) = preSolution
		Debug|Any CPU = Debug|Any CPU
		Release|Any CPU = Release|Any CPU
	EndGlobalSection
	GlobalSection(ProjectConfigurationPlatforms) = postSolution
		{24C1ED23-3443-4460-B576-4FBDF7907A9D}.Debug|Any CPU.ActiveCfg = Debug|Any CPU
		{24C1ED23-3443-4460-B576-4FBDF7907A9D}.Debug|Any CPU.Build.0 = Debug|Any CPU
		{24C1ED23-3443-4460-B576-4FBDF7907A9D}.Release|Any CPU.ActiveCfg = Release|Any CPU
		{24C1ED23-3443-4460-B576-4FBDF7907A9D}.Release|Any CPU.Build.0 = Release|Any CPU
	EndGlobalSection
	GlobalSection(SolutionProperties) = preSolution
		HideSolutionNode = FALSE
	EndGlobalSection
	GlobalSection(ExtensibilityGlobals) = postSolution
		SolutionGuid = {62082D04-B1D1-4188-9791-AB22B225076F}
	EndGlobalSection
EndGlobal
